{
  "name": "kysely-websql",
  "version": "0.1.0",
  "lockfileVersion": 3,
  "requires": true,
  "packages": {
    "": {
      "name": "kysely-websql",
      "version": "0.1.0",
      "license": "MIT",
      "devDependencies": {
        "@types/websql": "^0.0.27",
        "prettier": "^2.8.4"
      },
      "peerDependencies": {
        "kysely": "*"
      }
    },
    "node_modules/@types/websql": {
      "version": "0.0.27",
      "resolved": "https://registry.npmjs.org/@types/websql/-/websql-0.0.27.tgz",
      "integrity": "sha512-bmJkLrp/S1G1m/MEcCFuRYjSpgFIWt1KoglSw4D9i3veQBR6v0BYFmp7snK1u3ri53AFdLaRR8qwIsOzw1h8LA==",
      "dev": true
    },
    "node_modules/kysely": {
      "version": "0.23.5",
      "resolved": "https://registry.npmjs.org/kysely/-/kysely-0.23.5.tgz",
      "integrity": "sha512-TH+b56pVXQq0tsyooYLeNfV11j6ih7D50dyN8tkM0e7ndiUH28Nziojiog3qRFlmEj9XePYdZUrNJ2079Qjdow==",
      "peer": true,
      "engines": {
        "node": ">=14.0.0"
      }
    },
    "node_modules/prettier": {
      "version": "2.8.4",
      "resolved": "https://registry.npmjs.org/prettier/-/prettier-2.8.4.tgz",
      "integrity": "sha512-vIS4Rlc2FNh0BySk3Wkd6xmwxB0FpOndW5fisM5H8hsZSxU2VWVB5CWIkIjWvrHjIhxk2g3bfMKM87zNTrZddw==",
      "dev": true,
      "bin": {
        "prettier": "bin-prettier.js"
      },
      "engines": {
        "node": ">=10.13.0"
      },
      "funding": {
        "url": "https://github.com/prettier/prettier?sponsor=1"
      }
    }
  }
}
